
Microsoft Visual Studio Solution File, Format Version 12.00
# Visual Studio 15
VisualStudioVersion = 15.0.27703.2042
MinimumVisualStudioVersion = 10.0.40219.1
Project("{FAE04EC0-301F-11D3-BF4B-00C04F79EFBC}") = "SuperHeros", "SuperHeros\SuperHeros.csproj", "{198FF8EF-EC72-4BA7-8081-027DBE0E4F9D}"
EndProject
Global
	GlobalSection(SolutionConfigurationPlatforms) = preSolution
		Debug|Any CPU = Debug|Any CPU
		Release|Any CPU = Release|Any CPU
	EndGlobalSection
	GlobalSection(ProjectConfigurationPlatforms) = postSolution
		{198FF8EF-EC72-4BA7-8081-027DBE0E4F9D}.Debug|Any CPU.ActiveCfg = Debug|Any CPU
		{198FF8EF-EC72-4BA7-8081-027DBE0E4F9D}.Debug|Any CPU.Build.0 = Debug|Any CPU
		{198FF8EF-EC72-4BA7-8081-027DBE0E4F9D}.Release|Any CPU.ActiveCfg = Release|Any CPU
		{198FF8EF-EC72-4BA7-8081-027DBE0E4F9D}.Release|Any CPU.Build.0 = Release|Any CPU
	EndGlobalSection
	GlobalSection(SolutionProperties) = preSolution
		HideSolutionNode = FALSE
	EndGlobalSection
	GlobalSection(ExtensibilityGlobals) = postSolution
		SolutionGuid = {6931FDAA-1C85-4369-95CF-76759C5D7AB5}
	EndGlobalSection
EndGlobal
